// !$*UTF8*$!
{
	archiveVersion = 1;
	classes = {
	};
	objectVersion = 46;
	objects = {

/* Begin PBXBuildFile section */
		B10F62991B945391003F9994 /* UIView+AutoLayout.m in Sources */ = {isa = PBXBuildFile; fileRef = B10F62981B945391003F9994 /* UIView+AutoLayout.m */; };
		B10F629D1B945494003F9994 /* UIView+Extension.m in Sources */ = {isa = PBXBuildFile; fileRef = B10F629C1B945494003F9994 /* UIView+Extension.m */; };
		B1A00C191B9409F100CF3FD4 /* main.m in Sources */ = {isa = PBXBuildFile; fileRef = B1A00C181B9409F100CF3FD4 /* main.m */; };
		B1A00C1C1B9409F100CF3FD4 /* AppDelegate.m in Sources */ = {isa = PBXBuildFile; fileRef = B1A00C1B1B9409F100CF3FD4 /* AppDelegate.m */; };
		B1A00C1F1B9409F100CF3FD4 /* ViewController.m in Sources */ = {isa = PBXBuildFile; fileRef = B1A00C1E1B9409F100CF3FD4 /* ViewController.m */; };
		B1A00C221B9409F100CF3FD4 /* Main.storyboard in Resources */ = {isa = PBXBuildFile; fileRef = B1A00C201B9409F100CF3FD4 /* Main.storyboard */; };
		B1A00C241B9409F100CF3FD4 /* Images.xcassets in Resources */ = {isa = PBXBuildFile; fileRef = B1A00C231B9409F100CF3FD4 /* Images.xcassets */; };
		B1A00C271B9409F100CF3FD4 /* LaunchScreen.xib in Resources */ = {isa = PBXBuildFile; fileRef = B1A00C251B9409F100CF3FD4 /* LaunchScreen.xib */; };
		B1A00C331B9409F100CF3FD4 /* BH_010iB01Tests.m in Sources */ = {isa = PBXBuildFile; fileRef = B1A00C321B9409F100CF3FD4 /* BH_010iB01Tests.m */; };
		B1A00C451B94319D00CF3FD4 /* UITextField+addStyle.m in Sources */ = {isa = PBXBuildFile; fileRef = B1A00C441B94319D00CF3FD4 /* UITextField+addStyle.m */; };
		FF8D52001B96D52B00A9D604 /* JXNetwork.m in Sources */ = {isa = PBXBuildFile; fileRef = FF8D51FF1B96D52B00A9D604 /* JXNetwork.m */; };
		FF8D52031B96DACE00A9D604 /* registerCtl.m in Sources */ = {isa = PBXBuildFile; fileRef = FF8D52021B96DACE00A9D604 /* registerCtl.m */; };
		FF8D52081B96ED0600A9D604 /* dropdownList.m in Sources */ = {isa = PBXBuildFile; fileRef = FF8D52071B96ED0600A9D604 /* dropdownList.m */; };
		FFB370FD1B9AC4E300720343 /* UIButton+DropdownBtn.m in Sources */ = {isa = PBXBuildFile; fileRef = FFB370FC1B9AC4E300720343 /* UIButton+DropdownBtn.m */; };
		FFB370FF1B9AD58D00720343 /* Homepage.storyboard in Resources */ = {isa = PBXBuildFile; fileRef = FFB370FE1B9AD58D00720343 /* Homepage.storyboard */; };
		FFC8654B1B959BF200B4C2A4 /* rootNavCtl.m in Sources */ = {isa = PBXBuildFile; fileRef = FFC8654A1B959BF200B4C2A4 /* rootNavCtl.m */; };
/* End PBXBuildFile section */

/* Begin PBXContainerItemProxy section */
		B1A00C2D1B9409F100CF3FD4 /* PBXContainerItemProxy */ = {
			isa = PBXContainerItemProxy;
			containerPortal = B1A00C0B1B9409F100CF3FD4 /* Project object */;
			proxyType = 1;
			remoteGlobalIDString = B1A00C121B9409F100CF3FD4;
			remoteInfo = "BH-010iB01";
		};
/* End PBXContainerItemProxy section */

/* Begin PBXFileReference section */
		B10F62971B945391003F9994 /* UIView+AutoLayout.h */ = {isa = PBXFileReference; fileEncoding = 4; lastKnownFileType = sourcecode.c.h; path = "UIView+AutoLayout.h"; sourceTree = "<group>"; };
		B10F62981B945391003F9994 /* UIView+AutoLayout.m */ = {isa = PBXFileReference; fileEncoding = 4; lastKnownFileType = sourcecode.c.objc; path = "UIView+AutoLayout.m"; sourceTree = "<group>"; };
		B10F629B1B945494003F9994 /* UIView+Extension.h */ = {isa = PBXFileReference; fileEncoding = 4; lastKnownFileType = sourcecode.c.h; path = "UIView+Extension.h"; sourceTree = "<group>"; };
		B10F629C1B945494003F9994 /* UIView+Extension.m */ = {isa = PBXFileReference; fileEncoding = 4; lastKnownFileType = sourcecode.c.objc; path = "UIView+Extension.m"; sourceTree = "<group>"; };
		B1A00C131B9409F100CF3FD4 /* BH-010iB01.app */ = {isa = PBXFileReference; explicitFileType = wrapper.application; includeInIndex = 0; path = "BH-010iB01.app"; sourceTree = BUILT_PRODUCTS_DIR; };
		B1A00C171B9409F100CF3FD4 /* Info.plist */ = {isa = PBXFileReference; lastKnownFileType = text.plist.xml; path = Info.plist; sourceTree = "<group>"; };
		B1A00C181B9409F100CF3FD4 /* main.m */ = {isa = PBXFileReference; lastKnownFileType = sourcecode.c.objc; path = main.m; sourceTree = "<group>"; };
		B1A00C1A1B9409F100CF3FD4 /* AppDelegate.h */ = {isa = PBXFileReference; lastKnownFileType = sourcecode.c.h; path = AppDelegate.h; sourceTree = "<group>"; };
		B1A00C1B1B9409F100CF3FD4 /* AppDelegate.m */ = {isa = PBXFileReference; lastKnownFileType = sourcecode.c.objc; path = AppDelegate.m; sourceTree = "<group>"; };
		B1A00C1D1B9409F100CF3FD4 /* ViewController.h */ = {isa = PBXFileReference; lastKnownFileType = sourcecode.c.h; path = ViewController.h; sourceTree = "<group>"; };
		B1A00C1E1B9409F100CF3FD4 /* ViewController.m */ = {isa = PBXFileReference; lastKnownFileType = sourcecode.c.objc; path = ViewController.m; sourceTree = "<group>"; };
		B1A00C211B9409F100CF3FD4 /* Base */ = {isa = PBXFileReference; lastKnownFileType = file.storyboard; name = Base; path = Base.lproj/Main.storyboard; sourceTree = "<group>"; };
		B1A00C231B9409F100CF3FD4 /* Images.xcassets */ = {isa = PBXFileReference; lastKnownFileType = folder.assetcatalog; path = Images.xcassets; sourceTree = "<group>"; };
		B1A00C261B9409F100CF3FD4 /* Base */ = {isa = PBXFileReference; lastKnownFileType = file.xib; name = Base; path = Base.lproj/LaunchScreen.xib; sourceTree = "<group>"; };
		B1A00C2C1B9409F100CF3FD4 /* BH-010iB01Tests.xctest */ = {isa = PBXFileReference; explicitFileType = wrapper.cfbundle; includeInIndex = 0; path = "BH-010iB01Tests.xctest"; sourceTree = BUILT_PRODUCTS_DIR; };
		B1A00C311B9409F100CF3FD4 /* Info.plist */ = {isa = PBXFileReference; lastKnownFileType = text.plist.xml; path = Info.plist; sourceTree = "<group>"; };
		B1A00C321B9409F100CF3FD4 /* BH_010iB01Tests.m */ = {isa = PBXFileReference; lastKnownFileType = sourcecode.c.objc; path = BH_010iB01Tests.m; sourceTree = "<group>"; };
		B1A00C431B94319D00CF3FD4 /* UITextField+addStyle.h */ = {isa = PBXFileReference; fileEncoding = 4; lastKnownFileType = sourcecode.c.h; path = "UITextField+addStyle.h"; sourceTree = "<group>"; };
		B1A00C441B94319D00CF3FD4 /* UITextField+addStyle.m */ = {isa = PBXFileReference; fileEncoding = 4; lastKnownFileType = sourcecode.c.objc; path = "UITextField+addStyle.m"; sourceTree = "<group>"; };
		FF8D51FE1B96D52B00A9D604 /* JXNetwork.h */ = {isa = PBXFileReference; fileEncoding = 4; lastKnownFileType = sourcecode.c.h; path = JXNetwork.h; sourceTree = "<group>"; };
		FF8D51FF1B96D52B00A9D604 /* JXNetwork.m */ = {isa = PBXFileReference; fileEncoding = 4; lastKnownFileType = sourcecode.c.objc; path = JXNetwork.m; sourceTree = "<group>"; };
		FF8D52011B96DACE00A9D604 /* registerCtl.h */ = {isa = PBXFileReference; fileEncoding = 4; lastKnownFileType = sourcecode.c.h; path = registerCtl.h; sourceTree = "<group>"; };
		FF8D52021B96DACE00A9D604 /* registerCtl.m */ = {isa = PBXFileReference; fileEncoding = 4; lastKnownFileType = sourcecode.c.objc; path = registerCtl.m; sourceTree = "<group>"; };
		FF8D52061B96ED0600A9D604 /* dropdownList.h */ = {isa = PBXFileReference; fileEncoding = 4; lastKnownFileType = sourcecode.c.h; path = dropdownList.h; sourceTree = "<group>"; };
		FF8D52071B96ED0600A9D604 /* dropdownList.m */ = {isa = PBXFileReference; fileEncoding = 4; lastKnownFileType = sourcecode.c.objc; path = dropdownList.m; sourceTree = "<group>"; };
		FFB370FB1B9AC4E300720343 /* UIButton+DropdownBtn.h */ = {isa = PBXFileReference; fileEncoding = 4; lastKnownFileType = sourcecode.c.h; path = "UIButton+DropdownBtn.h"; sourceTree = "<group>"; };
		FFB370FC1B9AC4E300720343 /* UIButton+DropdownBtn.m */ = {isa = PBXFileReference; fileEncoding = 4; lastKnownFileType = sourcecode.c.objc; path = "UIButton+DropdownBtn.m"; sourceTree = "<group>"; };
		FFB370FE1B9AD58D00720343 /* Homepage.storyboard */ = {isa = PBXFileReference; fileEncoding = 4; lastKnownFileType = file.storyboard; path = Homepage.storyboard; sourceTree = "<group>"; };
		FFC865491B959BF200B4C2A4 /* rootNavCtl.h */ = {isa = PBXFileReference; fileEncoding = 4; lastKnownFileType = sourcecode.c.h; path = rootNavCtl.h; sourceTree = "<group>"; };
		FFC8654A1B959BF200B4C2A4 /* rootNavCtl.m */ = {isa = PBXFileReference; fileEncoding = 4; lastKnownFileType = sourcecode.c.objc; path = rootNavCtl.m; sourceTree = "<group>"; };
/* End PBXFileReference section */

/* Begin PBXFrameworksBuildPhase section */
		B1A00C101B9409F100CF3FD4 /* Frameworks */ = {
			isa = PBXFrameworksBuildPhase;
			buildActionMask = 2147483647;
			files = (
			);
			runOnlyForDeploymentPostprocessing = 0;
		};
		B1A00C291B9409F100CF3FD4 /* Frameworks */ = {
			isa = PBXFrameworksBuildPhase;
			buildActionMask = 2147483647;
			files = (
			);
			runOnlyForDeploymentPostprocessing = 0;
		};
/* End PBXFrameworksBuildPhase section */

/* Begin PBXGroup section */
		B10F629A1B945473003F9994 /* extention */ = {
			isa = PBXGroup;
			children = (
				B10F629B1B945494003F9994 /* UIView+Extension.h */,
				B10F629C1B945494003F9994 /* UIView+Extension.m */,
			);
			name = extention;
			sourceTree = "<group>";
		};
		B1A00C0A1B9409F100CF3FD4 = {
			isa = PBXGroup;
			children = (
				B1A00C151B9409F100CF3FD4 /* BH-010iB01 */,
				B1A00C2F1B9409F100CF3FD4 /* BH-010iB01Tests */,
				B1A00C141B9409F100CF3FD4 /* Products */,
			);
			sourceTree = "<group>";
		};
		B1A00C141B9409F100CF3FD4 /* Products */ = {
			isa = PBXGroup;
			children = (
				B1A00C131B9409F100CF3FD4 /* BH-010iB01.app */,
				B1A00C2C1B9409F100CF3FD4 /* BH-010iB01Tests.xctest */,
			);
			name = Products;
			sourceTree = "<group>";
		};
		B1A00C151B9409F100CF3FD4 /* BH-010iB01 */ = {
			isa = PBXGroup;
			children = (
				B1A00C3F1B942EB900CF3FD4 /* xib */,
				B1A00C3E1B942E9300CF3FD4 /* storyBoard */,
				B1A00C3D1B942E5100CF3FD4 /* class */,
				B1A00C3C1B942E3C00CF3FD4 /* resources */,
				B1A00C161B9409F100CF3FD4 /* Supporting Files */,
			);
			path = "BH-010iB01";
			sourceTree = "<group>";
		};
		B1A00C161B9409F100CF3FD4 /* Supporting Files */ = {
			isa = PBXGroup;
			children = (
				B1A00C171B9409F100CF3FD4 /* Info.plist */,
				B1A00C181B9409F100CF3FD4 /* main.m */,
			);
			name = "Supporting Files";
			sourceTree = "<group>";
		};
		B1A00C2F1B9409F100CF3FD4 /* BH-010iB01Tests */ = {
			isa = PBXGroup;
			children = (
				B1A00C321B9409F100CF3FD4 /* BH_010iB01Tests.m */,
				B1A00C301B9409F100CF3FD4 /* Supporting Files */,
			);
			path = "BH-010iB01Tests";
			sourceTree = "<group>";
		};
		B1A00C301B9409F100CF3FD4 /* Supporting Files */ = {
			isa = PBXGroup;
			children = (
				B1A00C311B9409F100CF3FD4 /* Info.plist */,
			);
			name = "Supporting Files";
			sourceTree = "<group>";
		};
		B1A00C3C1B942E3C00CF3FD4 /* resources */ = {
			isa = PBXGroup;
			children = (
				B1A00C231B9409F100CF3FD4 /* Images.xcassets */,
			);
			name = resources;
			sourceTree = "<group>";
		};
		B1A00C3D1B942E5100CF3FD4 /* class */ = {
			isa = PBXGroup;
			children = (
				FF8D52041B96ECCC00A9D604 /* global */,
				FF8D51FD1B96D4B600A9D604 /* internet */,
				FFC865481B959BAD00B4C2A4 /* rootNavigationController */,
				B10F629A1B945473003F9994 /* extention */,
				B1A00C421B942FCF00CF3FD4 /* category */,
				B1A00C411B942FB100CF3FD4 /* login&register */,
				B1A00C401B942ED300CF3FD4 /* AppDelegate */,
			);
			name = class;
			sourceTree = "<group>";
		};
		B1A00C3E1B942E9300CF3FD4 /* storyBoard */ = {
			isa = PBXGroup;
			children = (
				B1A00C201B9409F100CF3FD4 /* Main.storyboard */,
				FFB370FE1B9AD58D00720343 /* Homepage.storyboard */,
			);
			name = storyBoard;
			sourceTree = "<group>";
		};
		B1A00C3F1B942EB900CF3FD4 /* xib */ = {
			isa = PBXGroup;
			children = (
				B1A00C251B9409F100CF3FD4 /* LaunchScreen.xib */,
			);
			name = xib;
			sourceTree = "<group>";
		};
		B1A00C401B942ED300CF3FD4 /* AppDelegate */ = {
			isa = PBXGroup;
			children = (
				B1A00C1A1B9409F100CF3FD4 /* AppDelegate.h */,
				B1A00C1B1B9409F100CF3FD4 /* AppDelegate.m */,
			);
			name = AppDelegate;
			sourceTree = "<group>";
		};
		B1A00C411B942FB100CF3FD4 /* login&register */ = {
			isa = PBXGroup;
			children = (
				B1A00C1D1B9409F100CF3FD4 /* ViewController.h */,
				B1A00C1E1B9409F100CF3FD4 /* ViewController.m */,
				FF8D52011B96DACE00A9D604 /* registerCtl.h */,
				FF8D52021B96DACE00A9D604 /* registerCtl.m */,
			);
			name = "login&register";
			sourceTree = "<group>";
		};
		B1A00C421B942FCF00CF3FD4 /* category */ = {
			isa = PBXGroup;
			children = (
				B10F62971B945391003F9994 /* UIView+AutoLayout.h */,
				B10F62981B945391003F9994 /* UIView+AutoLayout.m */,
				B1A00C431B94319D00CF3FD4 /* UITextField+addStyle.h */,
				B1A00C441B94319D00CF3FD4 /* UITextField+addStyle.m */,
				FFB370FB1B9AC4E300720343 /* UIButton+DropdownBtn.h */,
				FFB370FC1B9AC4E300720343 /* UIButton+DropdownBtn.m */,
			);
			name = category;
			sourceTree = "<group>";
		};
		FF8D51FD1B96D4B600A9D604 /* internet */ = {
			isa = PBXGroup;
			children = (
				FF8D51FE1B96D52B00A9D604 /* JXNetwork.h */,
				FF8D51FF1B96D52B00A9D604 /* JXNetwork.m */,
			);
			name = internet;
			sourceTree = "<group>";
		};
		FF8D52041B96ECCC00A9D604 /* global */ = {
			isa = PBXGroup;
			children = (
				FF8D52051B96ECDD00A9D604 /* view */,
			);
			name = global;
			sourceTree = "<group>";
		};
		FF8D52051B96ECDD00A9D604 /* view */ = {
			isa = PBXGroup;
			children = (
				FF8D52061B96ED0600A9D604 /* dropdownList.h */,
				FF8D52071B96ED0600A9D604 /* dropdownList.m */,
			);
			name = view;
			sourceTree = "<group>";
		};
		FFC865481B959BAD00B4C2A4 /* rootNavigationController */ = {
			isa = PBXGroup;
			children = (
				FFC865491B959BF200B4C2A4 /* rootNavCtl.h */,
				FFC8654A1B959BF200B4C2A4 /* rootNavCtl.m */,
			);
			name = rootNavigationController;
			sourceTree = "<group>";
		};
/* End PBXGroup section */

/* Begin PBXNativeTarget section */
		B1A00C121B9409F100CF3FD4 /* BH-010iB01 */ = {
			isa = PBXNativeTarget;
			buildConfigurationList = B1A00C361B9409F100CF3FD4 /* Build configuration list for PBXNativeTarget "BH-010iB01" */;
			buildPhases = (
				B1A00C0F1B9409F100CF3FD4 /* Sources */,
				B1A00C101B9409F100CF3FD4 /* Frameworks */,
				B1A00C111B9409F100CF3FD4 /* Resources */,
			);
			buildRules = (
			);
			dependencies = (
			);
			name = "BH-010iB01";
			productName = "BH-010iB01";
			productReference = B1A00C131B9409F100CF3FD4 /* BH-010iB01.app */;
			productType = "com.apple.product-type.application";
		};
		B1A00C2B1B9409F100CF3FD4 /* BH-010iB01Tests */ = {
			isa = PBXNativeTarget;
			buildConfigurationList = B1A00C391B9409F100CF3FD4 /* Build configuration list for PBXNativeTarget "BH-010iB01Tests" */;
			buildPhases = (
				B1A00C281B9409F100CF3FD4 /* Sources */,
				B1A00C291B9409F100CF3FD4 /* Frameworks */,
				B1A00C2A1B9409F100CF3FD4 /* Resources */,
			);
			buildRules = (
			);
			dependencies = (
				B1A00C2E1B9409F100CF3FD4 /* PBXTargetDependency */,
			);
			name = "BH-010iB01Tests";
			productName = "BH-010iB01Tests";
			productReference = B1A00C2C1B9409F100CF3FD4 /* BH-010iB01Tests.xctest */;
			productType = "com.apple.product-type.bundle.unit-test";
		};
/* End PBXNativeTarget section */

/* Begin PBXProject section */
		B1A00C0B1B9409F100CF3FD4 /* Project object */ = {
			isa = PBXProject;
			attributes = {
				LastUpgradeCheck = 0610;
				ORGANIZATIONNAME = SS;
				TargetAttributes = {
					B1A00C121B9409F100CF3FD4 = {
						CreatedOnToolsVersion = 6.1.1;
					};
					B1A00C2B1B9409F100CF3FD4 = {
						CreatedOnToolsVersion = 6.1.1;
						TestTargetID = B1A00C121B9409F100CF3FD4;
					};
				};
			};
			buildConfigurationList = B1A00C0E1B9409F100CF3FD4 /* Build configuration list for PBXProject "BH-010iB01" */;
			compatibilityVersion = "Xcode 3.2";
			developmentRegion = English;
			hasScannedForEncodings = 0;
			knownRegions = (
				en,
				Base,
			);
			mainGroup = B1A00C0A1B9409F100CF3FD4;
			productRefGroup = B1A00C141B9409F100CF3FD4 /* Products */;
			projectDirPath = "";
			projectRoot = "";
			targets = (
				B1A00C121B9409F100CF3FD4 /* BH-010iB01 */,
				B1A00C2B1B9409F100CF3FD4 /* BH-010iB01Tests */,
			);
		};
/* End PBXProject section */

/* Begin PBXResourcesBuildPhase section */
		B1A00C111B9409F100CF3FD4 /* Resources */ = {
			isa = PBXResourcesBuildPhase;
			buildActionMask = 2147483647;
			files = (
				FFB370FF1B9AD58D00720343 /* Homepage.storyboard in Resources */,
				B1A00C221B9409F100CF3FD4 /* Main.storyboard in Resources */,
				B1A00C271B9409F100CF3FD4 /* LaunchScreen.xib in Resources */,
				B1A00C241B9409F100CF3FD4 /* Images.xcassets in Resources */,
			);
			runOnlyForDeploymentPostprocessing = 0;
		};
		B1A00C2A1B9409F100CF3FD4 /* Resources */ = {
			isa = PBXResourcesBuildPhase;
			buildActionMask = 2147483647;
			files = (
			);
			runOnlyForDeploymentPostprocessing = 0;
		};
/* End PBXResourcesBuildPhase section */

/* Begin PBXSourcesBuildPhase section */
		B1A00C0F1B9409F100CF3FD4 /* Sources */ = {
			isa = PBXSourcesBuildPhase;
			buildActionMask = 2147483647;
			files = (
				B10F629D1B945494003F9994 /* UIView+Extension.m in Sources */,
				FF8D52031B96DACE00A9D604 /* registerCtl.m in Sources */,
				B10F62991B945391003F9994 /* UIView+AutoLayout.m in Sources */,
				FF8D52001B96D52B00A9D604 /* JXNetwork.m in Sources */,
				B1A00C1F1B9409F100CF3FD4 /* ViewController.m in Sources */,
				B1A00C451B94319D00CF3FD4 /* UITextField+addStyle.m in Sources */,
				B1A00C1C1B9409F100CF3FD4 /* AppDelegate.m in Sources */,
				FFC8654B1B959BF200B4C2A4 /* rootNavCtl.m in Sources */,
				FF8D52081B96ED0600A9D604 /* dropdownList.m in Sources */,
				B1A00C191B9409F100CF3FD4 /* main.m in Sources */,
				FFB370FD1B9AC4E300720343 /* UIButton+DropdownBtn.m in Sources */,
			);
			runOnlyForDeploymentPostprocessing = 0;
		};
		B1A00C281B9409F100CF3FD4 /* Sources */ = {
			isa = PBXSourcesBuildPhase;
			buildActionMask = 2147483647;
			files = (
				B1A00C331B9409F100CF3FD4 /* BH_010iB01Tests.m in Sources */,
			);
			runOnlyForDeploymentPostprocessing = 0;
		};
/* End PBXSourcesBuildPhase section */

/* Begin PBXTargetDependency section */
		B1A00C2E1B9409F100CF3FD4 /* PBXTargetDependency */ = {
			isa = PBXTargetDependency;
			target = B1A00C121B9409F100CF3FD4 /* BH-010iB01 */;
			targetProxy = B1A00C2D1B9409F100CF3FD4 /* PBXContainerItemProxy */;
		};
/* End PBXTargetDependency section */

/* Begin PBXVariantGroup section */
		B1A00C201B9409F100CF3FD4 /* Main.storyboard */ = {
			isa = PBXVariantGroup;
			children = (
				B1A00C211B9409F100CF3FD4 /* Base */,
			);
			name = Main.storyboard;
			sourceTree = "<group>";
		};
		B1A00C251B9409F100CF3FD4 /* LaunchScreen.xib */ = {
			isa = PBXVariantGroup;
			children = (
				B1A00C261B9409F100CF3FD4 /* Base */,
			);
			name = LaunchScreen.xib;
			sourceTree = "<group>";
		};
/* End PBXVariantGroup section */

/* Begin XCBuildConfiguration section */
		B1A00C341B9409F100CF3FD4 /* Debug */ = {
			isa = XCBuildConfiguration;
			buildSettings = {
				ALWAYS_SEARCH_USER_PATHS = NO;
				CLANG_CXX_LANGUAGE_STANDARD = "gnu++0x";
				CLANG_CXX_LIBRARY = "libc++";
				CLANG_ENABLE_MODULES = YES;
				CLANG_ENABLE_OBJC_ARC = YES;
				CLANG_WARN_BOOL_CONVERSION = YES;
				CLANG_WARN_CONSTANT_CONVERSION = YES;
				CLANG_WARN_DIRECT_OBJC_ISA_USAGE = YES_ERROR;
				CLANG_WARN_EMPTY_BODY = YES;
				CLANG_WARN_ENUM_CONVERSION = YES;
				CLANG_WARN_INT_CONVERSION = YES;
				CLANG_WARN_OBJC_ROOT_CLASS = YES_ERROR;
				CLANG_WARN_UNREACHABLE_CODE = YES;
				CLANG_WARN__DUPLICATE_METHOD_MATCH = YES;
				"CODE_SIGN_IDENTITY[sdk=iphoneos*]" = "iPhone Developer";
				COPY_PHASE_STRIP = NO;
				ENABLE_STRICT_OBJC_MSGSEND = YES;
				GCC_C_LANGUAGE_STANDARD = gnu99;
				GCC_DYNAMIC_NO_PIC = NO;
				GCC_OPTIMIZATION_LEVEL = 0;
				GCC_PREPROCESSOR_DEFINITIONS = (
					"DEBUG=1",
					"$(inherited)",
				);
				GCC_SYMBOLS_PRIVATE_EXTERN = NO;
				GCC_WARN_64_TO_32_BIT_CONVERSION = YES;
				GCC_WARN_ABOUT_RETURN_TYPE = YES_ERROR;
				GCC_WARN_UNDECLARED_SELECTOR = YES;
				GCC_WARN_UNINITIALIZED_AUTOS = YES_AGGRESSIVE;
				GCC_WARN_UNUSED_FUNCTION = YES;
				GCC_WARN_UNUSED_VARIABLE = YES;
				IPHONEOS_DEPLOYMENT_TARGET = 8.1;
				MTL_ENABLE_DEBUG_INFO = YES;
				ONLY_ACTIVE_ARCH = YES;
				SDKROOT = iphoneos;
			};
			name = Debug;
		};
		B1A00C351B9409F100CF3FD4 /* Release */ = {
			isa = XCBuildConfiguration;
			buildSettings = {
				ALWAYS_SEARCH_USER_PATHS = NO;
				CLANG_CXX_LANGUAGE_STANDARD = "gnu++0x";
				CLANG_CXX_LIBRARY = "libc++";
				CLANG_ENABLE_MODULES = YES;
				CLANG_ENABLE_OBJC_ARC = YES;
				CLANG_WARN_BOOL_CONVERSION = YES;
				CLANG_WARN_CONSTANT_CONVERSION = YES;
				CLANG_WARN_DIRECT_OBJC_ISA_USAGE = YES_ERROR;
				CLANG_WARN_EMPTY_BODY = YES;
				CLANG_WARN_ENUM_CONVERSION = YES;
				CLANG_WARN_INT_CONVERSION = YES;
				CLANG_WARN_OBJC_ROOT_CLASS = YES_ERROR;
				CLANG_WARN_UNREACHABLE_CODE = YES;
				CLANG_WARN__DUPLICATE_METHOD_MATCH = YES;
				"CODE_SIGN_IDENTITY[sdk=iphoneos*]" = "iPhone Developer";
				COPY_PHASE_STRIP = YES;
				ENABLE_NS_ASSERTIONS = NO;
				ENABLE_STRICT_OBJC_MSGSEND = YES;
				GCC_C_LANGUAGE_STANDARD = gnu99;
				GCC_WARN_64_TO_32_BIT_CONVERSION = YES;
				GCC_WARN_ABOUT_RETURN_TYPE = YES_ERROR;
				GCC_WARN_UNDECLARED_SELECTOR = YES;
				GCC_WARN_UNINITIALIZED_AUTOS = YES_AGGRESSIVE;
				GCC_WARN_UNUSED_FUNCTION = YES;
				GCC_WARN_UNUSED_VARIABLE = YES;
				IPHONEOS_DEPLOYMENT_TARGET = 8.1;
				MTL_ENABLE_DEBUG_INFO = NO;
				SDKROOT = iphoneos;
				VALIDATE_PRODUCT = YES;
			};
			name = Release;
		};
		B1A00C371B9409F100CF3FD4 /* Debug */ = {
			isa = XCBuildConfiguration;
			buildSettings = {
				ASSETCATALOG_COMPILER_APPICON_NAME = AppIcon;
				ASSETCATALOG_COMPILER_LAUNCHIMAGE_NAME = LaunchImage;
				INFOPLIST_FILE = "BH-010iB01/Info.plist";
				IPHONEOS_DEPLOYMENT_TARGET = 7.0;
				LD_RUNPATH_SEARCH_PATHS = "$(inherited) @executable_path/Frameworks";
				PRODUCT_NAME = "$(TARGET_NAME)";
			};
			name = Debug;
		};
		B1A00C381B9409F100CF3FD4 /* Release */ = {
			isa = XCBuildConfiguration;
			buildSettings = {
				ASSETCATALOG_COMPILER_APPICON_NAME = AppIcon;
				ASSETCATALOG_COMPILER_LAUNCHIMAGE_NAME = LaunchImage;
				INFOPLIST_FILE = "BH-010iB01/Info.plist";
				IPHONEOS_DEPLOYMENT_TARGET = 7.0;
				LD_RUNPATH_SEARCH_PATHS = "$(inherited) @executable_path/Frameworks";
				PRODUCT_NAME = "$(TARGET_NAME)";
			};
			name = Release;
		};
		B1A00C3A1B9409F100CF3FD4 /* Debug */ = {
			isa = XCBuildConfiguration;
			buildSettings = {
				BUNDLE_LOADER = "$(TEST_HOST)";
				FRAMEWORK_SEARCH_PATHS = (
					"$(SDKROOT)/Developer/Library/Frameworks",
					"$(inherited)",
				);
				GCC_PREPROCESSOR_DEFINITIONS = (
					"DEBUG=1",
					"$(inherited)",
				);
				INFOPLIST_FILE = "BH-010iB01Tests/Info.plist";
				LD_RUNPATH_SEARCH_PATHS = "$(inherited) @executable_path/Frameworks @loader_path/Frameworks";
				PRODUCT_NAME = "$(TARGET_NAME)";
				TEST_HOST = "$(BUILT_PRODUCTS_DIR)/BH-010iB01.app/BH-010iB01";
			};
			name = Debug;
		};
		B1A00C3B1B9409F100CF3FD4 /* Release */ = {
			isa = XCBuildConfiguration;
			buildSettings = {
				BUNDLE_LOADER = "$(TEST_HOST)";
				FRAMEWORK_SEARCH_PATHS = (
					"$(SDKROOT)/Developer/Library/Frameworks",
					"$(inherited)",
				);
				INFOPLIST_FILE = "BH-010iB01Tests/Info.plist";
				LD_RUNPATH_SEARCH_PATHS = "$(inherited) @executable_path/Frameworks @loader_path/Frameworks";
				PRODUCT_NAME = "$(TARGET_NAME)";
				TEST_HOST = "$(BUILT_PRODUCTS_DIR)/BH-010iB01.app/BH-010iB01";
			};
			name = Release;
		};
/* End XCBuildConfiguration section */

/* Begin XCConfigurationList section */
		B1A00C0E1B9409F100CF3FD4 /* Build configuration list for PBXProject "BH-010iB01" */ = {
			isa = XCConfigurationList;
			buildConfigurations = (
				B1A00C341B9409F100CF3FD4 /* Debug */,
				B1A00C351B9409F100CF3FD4 /* Release */,
			);
			defaultConfigurationIsVisible = 0;
			defaultConfigurationName = Release;
		};
		B1A00C361B9409F100CF3FD4 /* Build configuration list for PBXNativeTarget "BH-010iB01" */ = {
			isa = XCConfigurationList;
			buildConfigurations = (
				B1A00C371B9409F100CF3FD4 /* Debug */,
				B1A00C381B9409F100CF3FD4 /* Release */,
			);
			defaultConfigurationIsVisible = 0;
			defaultConfigurationName = Release;
		};
		B1A00C391B9409F100CF3FD4 /* Build configuration list for PBXNativeTarget "BH-010iB01Tests" */ = {
			isa = XCConfigurationList;
			buildConfigurations = (
				B1A00C3A1B9409F100CF3FD4 /* Debug */,
				B1A00C3B1B9409F100CF3FD4 /* Release */,
			);
			defaultConfigurationIsVisible = 0;
			defaultConfigurationName = Release;
		};
/* End XCConfigurationList section */
	};
	rootObject = B1A00C0B1B9409F100CF3FD4 /* Project object */;
}
